// !$*UTF8*$!
{
	archiveVersion = 1;
	classes = {
	};
	objectVersion = 55;
	objects = {

/* Begin PBXBuildFile section */
		5781E75328DB9D6B00E20A23 /* Coin.swift in Sources */ = {isa = PBXBuildFile; fileRef = 5781E75228DB9D6B00E20A23 /* Coin.swift */; };
		57DC70D028DE076000A2517E /* BungeeShade-Regular.ttf in Resources */ = {isa = PBXBuildFile; fileRef = 57DC70CF28DE071300A2517E /* BungeeShade-Regular.ttf */; };
		6F53B7BE28D8591400A54B85 /* SelectCoinViewController.swift in Sources */ = {isa = PBXBuildFile; fileRef = 6F53B7BD28D8591400A54B85 /* SelectCoinViewController.swift */; };
		6F53B7C028D8C90400A54B85 /* CoinTableVIewCell.swift in Sources */ = {isa = PBXBuildFile; fileRef = 6F53B7BF28D8C90400A54B85 /* CoinTableVIewCell.swift */; };
		6F76FA1228D627E100E13A14 /* AppDelegate.swift in Sources */ = {isa = PBXBuildFile; fileRef = 6F76FA1128D627E100E13A14 /* AppDelegate.swift */; };
		6F76FA1428D627E100E13A14 /* SceneDelegate.swift in Sources */ = {isa = PBXBuildFile; fileRef = 6F76FA1328D627E100E13A14 /* SceneDelegate.swift */; };
		6F76FA1628D627E100E13A14 /* CoinViewController.swift in Sources */ = {isa = PBXBuildFile; fileRef = 6F76FA1528D627E100E13A14 /* CoinViewController.swift */; };
		6F76FA1928D627E100E13A14 /* Main.storyboard in Resources */ = {isa = PBXBuildFile; fileRef = 6F76FA1728D627E100E13A14 /* Main.storyboard */; };
		6F76FA1B28D627E200E13A14 /* Assets.xcassets in Resources */ = {isa = PBXBuildFile; fileRef = 6F76FA1A28D627E200E13A14 /* Assets.xcassets */; };
		6F76FA1E28D627E200E13A14 /* LaunchScreen.storyboard in Resources */ = {isa = PBXBuildFile; fileRef = 6F76FA1C28D627E200E13A14 /* LaunchScreen.storyboard */; };
/* End PBXBuildFile section */

/* Begin PBXFileReference section */
		5781E75228DB9D6B00E20A23 /* Coin.swift */ = {isa = PBXFileReference; lastKnownFileType = sourcecode.swift; path = Coin.swift; sourceTree = "<group>"; };
		57DC70CF28DE071300A2517E /* BungeeShade-Regular.ttf */ = {isa = PBXFileReference; lastKnownFileType = file; path = "BungeeShade-Regular.ttf"; sourceTree = "<group>"; };
		6F53B7BD28D8591400A54B85 /* SelectCoinViewController.swift */ = {isa = PBXFileReference; lastKnownFileType = sourcecode.swift; path = SelectCoinViewController.swift; sourceTree = "<group>"; };
		6F53B7BF28D8C90400A54B85 /* CoinTableVIewCell.swift */ = {isa = PBXFileReference; lastKnownFileType = sourcecode.swift; path = CoinTableVIewCell.swift; sourceTree = "<group>"; };
		6F76FA0E28D627E100E13A14 /* unknown.app */ = {isa = PBXFileReference; explicitFileType = wrapper.application; includeInIndex = 0; path = unknown.app; sourceTree = BUILT_PRODUCTS_DIR; };
		6F76FA1128D627E100E13A14 /* AppDelegate.swift */ = {isa = PBXFileReference; lastKnownFileType = sourcecode.swift; path = AppDelegate.swift; sourceTree = "<group>"; };
		6F76FA1328D627E100E13A14 /* SceneDelegate.swift */ = {isa = PBXFileReference; lastKnownFileType = sourcecode.swift; path = SceneDelegate.swift; sourceTree = "<group>"; };
		6F76FA1528D627E100E13A14 /* CoinViewController.swift */ = {isa = PBXFileReference; lastKnownFileType = sourcecode.swift; path = CoinViewController.swift; sourceTree = "<group>"; };
		6F76FA1828D627E100E13A14 /* Base */ = {isa = PBXFileReference; lastKnownFileType = file.storyboard; name = Base; path = Base.lproj/Main.storyboard; sourceTree = "<group>"; };
		6F76FA1A28D627E200E13A14 /* Assets.xcassets */ = {isa = PBXFileReference; lastKnownFileType = folder.assetcatalog; path = Assets.xcassets; sourceTree = "<group>"; };
		6F76FA1D28D627E200E13A14 /* Base */ = {isa = PBXFileReference; lastKnownFileType = file.storyboard; name = Base; path = Base.lproj/LaunchScreen.storyboard; sourceTree = "<group>"; };
		6F76FA1F28D627E200E13A14 /* Info.plist */ = {isa = PBXFileReference; lastKnownFileType = text.plist.xml; path = Info.plist; sourceTree = "<group>"; };
/* End PBXFileReference section */

/* Begin PBXFrameworksBuildPhase section */
		6F76FA0B28D627E100E13A14 /* Frameworks */ = {
			isa = PBXFrameworksBuildPhase;
			buildActionMask = 2147483647;
			files = (
			);
			runOnlyForDeploymentPostprocessing = 0;
		};
/* End PBXFrameworksBuildPhase section */

/* Begin PBXGroup section */
		57DC70CE28DE070B00A2517E /* Fonts */ = {
			isa = PBXGroup;
			children = (
			);
			path = Fonts;
			sourceTree = "<group>";
		};
		6F76FA0528D627E100E13A14 = {
			isa = PBXGroup;
			children = (
				6F76FA1028D627E100E13A14 /* unknown */,
				6F76FA0F28D627E100E13A14 /* Products */,
			);
			sourceTree = "<group>";
		};
		6F76FA0F28D627E100E13A14 /* Products */ = {
			isa = PBXGroup;
			children = (
				6F76FA0E28D627E100E13A14 /* unknown.app */,
			);
			name = Products;
			sourceTree = "<group>";
		};
		6F76FA1028D627E100E13A14 /* unknown */ = {
			isa = PBXGroup;
			children = (
				6F76FA1128D627E100E13A14 /* AppDelegate.swift */,
				6F76FA1328D627E100E13A14 /* SceneDelegate.swift */,
				5781E75228DB9D6B00E20A23 /* Coin.swift */,
				6F53B7BF28D8C90400A54B85 /* CoinTableVIewCell.swift */,
				6F76FA1728D627E100E13A14 /* Main.storyboard */,
				6F76FA1528D627E100E13A14 /* CoinViewController.swift */,
				6F53B7BD28D8591400A54B85 /* SelectCoinViewController.swift */,
				57DC70CF28DE071300A2517E /* BungeeShade-Regular.ttf */,
				57DC70CE28DE070B00A2517E /* Fonts */,
				6F76FA1A28D627E200E13A14 /* Assets.xcassets */,
				6F76FA1C28D627E200E13A14 /* LaunchScreen.storyboard */,
				6F76FA1F28D627E200E13A14 /* Info.plist */,
			);
			path = unknown;
			sourceTree = "<group>";
		};
/* End PBXGroup section */

/* Begin PBXNativeTarget section */
		6F76FA0D28D627E100E13A14 /* unknown */ = {
			isa = PBXNativeTarget;
			buildConfigurationList = 6F76FA2228D627E200E13A14 /* Build configuration list for PBXNativeTarget "unknown" */;
			buildPhases = (
				6F76FA0A28D627E100E13A14 /* Sources */,
				6F76FA0B28D627E100E13A14 /* Frameworks */,
				6F76FA0C28D627E100E13A14 /* Resources */,
			);
			buildRules = (
			);
			dependencies = (
			);
			name = unknown;
			productName = unknown;
			productReference = 6F76FA0E28D627E100E13A14 /* unknown.app */;
			productType = "com.apple.product-type.application";
		};
/* End PBXNativeTarget section */

/* Begin PBXProject section */
		6F76FA0628D627E100E13A14 /* Project object */ = {
			isa = PBXProject;
			attributes = {
				BuildIndependentTargetsInParallel = 1;
				LastSwiftUpdateCheck = 1310;
				LastUpgradeCheck = 1310;
				TargetAttributes = {
					6F76FA0D28D627E100E13A14 = {
						CreatedOnToolsVersion = 13.1;
					};
				};
			};
			buildConfigurationList = 6F76FA0928D627E100E13A14 /* Build configuration list for PBXProject "unknown" */;
			compatibilityVersion = "Xcode 13.0";
			developmentRegion = en;
			hasScannedForEncodings = 0;
			knownRegions = (
				en,
				Base,
			);
			mainGroup = 6F76FA0528D627E100E13A14;
			productRefGroup = 6F76FA0F28D627E100E13A14 /* Products */;
			projectDirPath = "";
			projectRoot = "";
			targets = (
				6F76FA0D28D627E100E13A14 /* unknown */,
			);
		};
/* End PBXProject section */

/* Begin PBXResourcesBuildPhase section */
		6F76FA0C28D627E100E13A14 /* Resources */ = {
			isa = PBXResourcesBuildPhase;
			buildActionMask = 2147483647;
			files = (
				6F76FA1E28D627E200E13A14 /* LaunchScreen.storyboard in Resources */,
				57DC70D028DE076000A2517E /* BungeeShade-Regular.ttf in Resources */,
				6F76FA1B28D627E200E13A14 /* Assets.xcassets in Resources */,
				6F76FA1928D627E100E13A14 /* Main.storyboard in Resources */,
			);
			runOnlyForDeploymentPostprocessing = 0;
		};
/* End PBXResourcesBuildPhase section */

/* Begin PBXSourcesBuildPhase section */
		6F76FA0A28D627E100E13A14 /* Sources */ = {
			isa = PBXSourcesBuildPhase;
			buildActionMask = 2147483647;
			files = (
				5781E75328DB9D6B00E20A23 /* Coin.swift in Sources */,
				6F76FA1628D627E100E13A14 /* CoinViewController.swift in Sources */,
				6F76FA1228D627E100E13A14 /* AppDelegate.swift in Sources */,
				6F76FA1428D627E100E13A14 /* SceneDelegate.swift in Sources */,
				6F53B7C028D8C90400A54B85 /* CoinTableVIewCell.swift in Sources */,
				6F53B7BE28D8591400A54B85 /* SelectCoinViewController.swift in Sources */,
			);
			runOnlyForDeploymentPostprocessing = 0;
		};
/* End PBXSourcesBuildPhase section */

/* Begin PBXVariantGroup section */
		6F76FA1728D627E100E13A14 /* Main.storyboard */ = {
			isa = PBXVariantGroup;
			children = (
				6F76FA1828D627E100E13A14 /* Base */,
			);
			name = Main.storyboard;
			sourceTree = "<group>";
		};
		6F76FA1C28D627E200E13A14 /* LaunchScreen.storyboard */ = {
			isa = PBXVariantGroup;
			children = (
				6F76FA1D28D627E200E13A14 /* Base */,
			);
			name = LaunchScreen.storyboard;
			sourceTree = "<group>";
		};
/* End PBXVariantGroup section */

/* Begin XCBuildConfiguration section */
		6F76FA2028D627E200E13A14 /* Debug */ = {
			isa = XCBuildConfiguration;
			buildSettings = {
				ALWAYS_SEARCH_USER_PATHS = NO;
				CLANG_ANALYZER_NONNULL = YES;
				CLANG_ANALYZER_NUMBER_OBJECT_CONVERSION = YES_AGGRESSIVE;
				CLANG_CXX_LANGUAGE_STANDARD = "gnu++17";
				CLANG_CXX_LIBRARY = "libc++";
				CLANG_ENABLE_MODULES = YES;
				CLANG_ENABLE_OBJC_ARC = YES;
				CLANG_ENABLE_OBJC_WEAK = YES;
				CLANG_WARN_BLOCK_CAPTURE_AUTORELEASING = YES;
				CLANG_WARN_BOOL_CONVERSION = YES;
				CLANG_WARN_COMMA = YES;
				CLANG_WARN_CONSTANT_CONVERSION = YES;
				CLANG_WARN_DEPRECATED_OBJC_IMPLEMENTATIONS = YES;
				CLANG_WARN_DIRECT_OBJC_ISA_USAGE = YES_ERROR;
				CLANG_WARN_DOCUMENTATION_COMMENTS = YES;
				CLANG_WARN_EMPTY_BODY = YES;
				CLANG_WARN_ENUM_CONVERSION = YES;
				CLANG_WARN_INFINITE_RECURSION = YES;
				CLANG_WARN_INT_CONVERSION = YES;
				CLANG_WARN_NON_LITERAL_NULL_CONVERSION = YES;
				CLANG_WARN_OBJC_IMPLICIT_RETAIN_SELF = YES;
				CLANG_WARN_OBJC_LITERAL_CONVERSION = YES;
				CLANG_WARN_OBJC_ROOT_CLASS = YES_ERROR;
				CLANG_WARN_QUOTED_INCLUDE_IN_FRAMEWORK_HEADER = YES;
				CLANG_WARN_RANGE_LOOP_ANALYSIS = YES;
				CLANG_WARN_STRICT_PROTOTYPES = YES;
				CLANG_WARN_SUSPICIOUS_MOVE = YES;
				CLANG_WARN_UNGUARDED_AVAILABILITY = YES_AGGRESSIVE;
				CLANG_WARN_UNREACHABLE_CODE = YES;
				CLANG_WARN__DUPLICATE_METHOD_MATCH = YES;
				COPY_PHASE_STRIP = NO;
				DEBUG_INFORMATION_FORMAT = dwarf;
				ENABLE_STRICT_OBJC_MSGSEND = YES;
				ENABLE_TESTABILITY = YES;
				GCC_C_LANGUAGE_STANDARD = gnu11;
				GCC_DYNAMIC_NO_PIC = NO;
				GCC_NO_COMMON_BLOCKS = YES;
				GCC_OPTIMIZATION_LEVEL = 0;
				GCC_PREPROCESSOR_DEFINITIONS = (
					"DEBUG=1",
					"$(inherited)",
				);
				GCC_WARN_64_TO_32_BIT_CONVERSION = YES;
				GCC_WARN_ABOUT_RETURN_TYPE = YES_ERROR;
				GCC_WARN_UNDECLARED_SELECTOR = YES;
				GCC_WARN_UNINITIALIZED_AUTOS = YES_AGGRESSIVE;
				GCC_WARN_UNUSED_FUNCTION = YES;
				GCC_WARN_UNUSED_VARIABLE = YES;
				IPHONEOS_DEPLOYMENT_TARGET = 15.0;
				MTL_ENABLE_DEBUG_INFO = INCLUDE_SOURCE;
				MTL_FAST_MATH = YES;
				ONLY_ACTIVE_ARCH = YES;
				SDKROOT = iphoneos;
				SWIFT_ACTIVE_COMPILATION_CONDITIONS = DEBUG;
				SWIFT_OPTIMIZATION_LEVEL = "-Onone";
			};
			name = Debug;
		};
		6F76FA2128D627E200E13A14 /* Release */ = {
			isa = XCBuildConfiguration;
			buildSettings = {
				ALWAYS_SEARCH_USER_PATHS = NO;
				CLANG_ANALYZER_NONNULL = YES;
				CLANG_ANALYZER_NUMBER_OBJECT_CONVERSION = YES_AGGRESSIVE;
				CLANG_CXX_LANGUAGE_STANDARD = "gnu++17";
				CLANG_CXX_LIBRARY = "libc++";
				CLANG_ENABLE_MODULES = YES;
				CLANG_ENABLE_OBJC_ARC = YES;
				CLANG_ENABLE_OBJC_WEAK = YES;
				CLANG_WARN_BLOCK_CAPTURE_AUTORELEASING = YES;
				CLANG_WARN_BOOL_CONVERSION = YES;
				CLANG_WARN_COMMA = YES;
				CLANG_WARN_CONSTANT_CONVERSION = YES;
				CLANG_WARN_DEPRECATED_OBJC_IMPLEMENTATIONS = YES;
				CLANG_WARN_DIRECT_OBJC_ISA_USAGE = YES_ERROR;
				CLANG_WARN_DOCUMENTATION_COMMENTS = YES;
				CLANG_WARN_EMPTY_BODY = YES;
				CLANG_WARN_ENUM_CONVERSION = YES;
				CLANG_WARN_INFINITE_RECURSION = YES;
				CLANG_WARN_INT_CONVERSION = YES;
				CLANG_WARN_NON_LITERAL_NULL_CONVERSION = YES;
				CLANG_WARN_OBJC_IMPLICIT_RETAIN_SELF = YES;
				CLANG_WARN_OBJC_LITERAL_CONVERSION = YES;
				CLANG_WARN_OBJC_ROOT_CLASS = YES_ERROR;
				CLANG_WARN_QUOTED_INCLUDE_IN_FRAMEWORK_HEADER = YES;
				CLANG_WARN_RANGE_LOOP_ANALYSIS = YES;
				CLANG_WARN_STRICT_PROTOTYPES = YES;
				CLANG_WARN_SUSPICIOUS_MOVE = YES;
				CLANG_WARN_UNGUARDED_AVAILABILITY = YES_AGGRESSIVE;
				CLANG_WARN_UNREACHABLE_CODE = YES;
				CLANG_WARN__DUPLICATE_METHOD_MATCH = YES;
				COPY_PHASE_STRIP = NO;
				DEBUG_INFORMATION_FORMAT = "dwarf-with-dsym";
				ENABLE_NS_ASSERTIONS = NO;
				ENABLE_STRICT_OBJC_MSGSEND = YES;
				GCC_C_LANGUAGE_STANDARD = gnu11;
				GCC_NO_COMMON_BLOCKS = YES;
				GCC_WARN_64_TO_32_BIT_CONVERSION = YES;
				GCC_WARN_ABOUT_RETURN_TYPE = YES_ERROR;
				GCC_WARN_UNDECLARED_SELECTOR = YES;
				GCC_WARN_UNINITIALIZED_AUTOS = YES_AGGRESSIVE;
				GCC_WARN_UNUSED_FUNCTION = YES;
				GCC_WARN_UNUSED_VARIABLE = YES;
				IPHONEOS_DEPLOYMENT_TARGET = 15.0;
				MTL_ENABLE_DEBUG_INFO = NO;
				MTL_FAST_MATH = YES;
				SDKROOT = iphoneos;
				SWIFT_COMPILATION_MODE = wholemodule;
				SWIFT_OPTIMIZATION_LEVEL = "-O";
				VALIDATE_PRODUCT = YES;
			};
			name = Release;
		};
		6F76FA2328D627E200E13A14 /* Debug */ = {
			isa = XCBuildConfiguration;
			buildSettings = {
				ASSETCATALOG_COMPILER_APPICON_NAME = AppIcon;
				ASSETCATALOG_COMPILER_GLOBAL_ACCENT_COLOR_NAME = AccentColor;
				CODE_SIGN_STYLE = Automatic;
				CURRENT_PROJECT_VERSION = 1;
				DEVELOPMENT_TEAM = 7RG8Z38Z9D;
				GENERATE_INFOPLIST_FILE = YES;
				INFOPLIST_FILE = unknown/Info.plist;
				INFOPLIST_KEY_UIApplicationSupportsIndirectInputEvents = YES;
				INFOPLIST_KEY_UILaunchStoryboardName = LaunchScreen;
				INFOPLIST_KEY_UIMainStoryboardFile = Main;
				INFOPLIST_KEY_UISupportedInterfaceOrientations_iPad = "UIInterfaceOrientationPortrait UIInterfaceOrientationPortraitUpsideDown UIInterfaceOrientationLandscapeLeft UIInterfaceOrientationLandscapeRight";
				INFOPLIST_KEY_UISupportedInterfaceOrientations_iPhone = "UIInterfaceOrientationPortrait UIInterfaceOrientationLandscapeLeft UIInterfaceOrientationLandscapeRight";
				LD_RUNPATH_SEARCH_PATHS = (
					"$(inherited)",
					"@executable_path/Frameworks",
				);
				MARKETING_VERSION = 1.0;
				PRODUCT_BUNDLE_IDENTIFIER = com.creatifiv.unknown.unknown;
				PRODUCT_NAME = "$(TARGET_NAME)";
				SWIFT_EMIT_LOC_STRINGS = YES;
				SWIFT_VERSION = 5.0;
				TARGETED_DEVICE_FAMILY = "1,2";
			};
			name = Debug;
		};
		6F76FA2428D627E200E13A14 /* Release */ = {
			isa = XCBuildConfiguration;
			buildSettings = {
				ASSETCATALOG_COMPILER_APPICON_NAME = AppIcon;
				ASSETCATALOG_COMPILER_GLOBAL_ACCENT_COLOR_NAME = AccentColor;
				CODE_SIGN_STYLE = Automatic;
				CURRENT_PROJECT_VERSION = 1;
				DEVELOPMENT_TEAM = 7RG8Z38Z9D;
				GENERATE_INFOPLIST_FILE = YES;
				INFOPLIST_FILE = unknown/Info.plist;
				INFOPLIST_KEY_UIApplicationSupportsIndirectInputEvents = YES;
				INFOPLIST_KEY_UILaunchStoryboardName = LaunchScreen;
				INFOPLIST_KEY_UIMainStoryboardFile = Main;
				INFOPLIST_KEY_UISupportedInterfaceOrientations_iPad = "UIInterfaceOrientationPortrait UIInterfaceOrientationPortraitUpsideDown UIInterfaceOrientationLandscapeLeft UIInterfaceOrientationLandscapeRight";
				INFOPLIST_KEY_UISupportedInterfaceOrientations_iPhone = "UIInterfaceOrientationPortrait UIInterfaceOrientationLandscapeLeft UIInterfaceOrientationLandscapeRight";
				LD_RUNPATH_SEARCH_PATHS = (
					"$(inherited)",
					"@executable_path/Frameworks",
				);
				MARKETING_VERSION = 1.0;
				PRODUCT_BUNDLE_IDENTIFIER = com.creatifiv.unknown.unknown;
				PRODUCT_NAME = "$(TARGET_NAME)";
				SWIFT_EMIT_LOC_STRINGS = YES;
				SWIFT_VERSION = 5.0;
				TARGETED_DEVICE_FAMILY = "1,2";
			};
			name = Release;
		};
/* End XCBuildConfiguration section */

/* Begin XCConfigurationList section */
		6F76FA0928D627E100E13A14 /* Build configuration list for PBXProject "unknown" */ = {
			isa = XCConfigurationList;
			buildConfigurations = (
				6F76FA2028D627E200E13A14 /* Debug */,
				6F76FA2128D627E200E13A14 /* Release */,
			);
			defaultConfigurationIsVisible = 0;
			defaultConfigurationName = Release;
		};
		6F76FA2228D627E200E13A14 /* Build configuration list for PBXNativeTarget "unknown" */ = {
			isa = XCConfigurationList;
			buildConfigurations = (
				6F76FA2328D627E200E13A14 /* Debug */,
				6F76FA2428D627E200E13A14 /* Release */,
			);
			defaultConfigurationIsVisible = 0;
			defaultConfigurationName = Release;
		};
/* End XCConfigurationList section */
	};
	rootObject = 6F76FA0628D627E100E13A14 /* Project object */;
}
